{
  "nodes": {
    "frc-nix": {
      "inputs": {
        "nix-github-actions": "nix-github-actions",
        "nixpkgs": [
          "nixpkgs"
        ]
      },
      "locked": {
        "lastModified": 1768419665,
        "narHash": "sha256-/Yjey1LRRrkufZcmOIbkkEWQStfvcIW4rbq9TF37wMo=",
        "owner": "frc4451",
        "repo": "frc-nix",
        "rev": "76188c0314bdf9d2c24fe863d12b483557aac447",
        "type": "github"
      },
      "original": {
        "owner": "frc4451",
        "repo": "frc-nix",
        "type": "github"
      }
    },
    "nix-github-actions": {
      "inputs": {
        "nixpkgs": [
          "frc-nix",
          "nixpkgs"
        ]
      },
      "locked": {
        "lastModified": 1737420293,
        "narHash": "sha256-F1G5ifvqTpJq7fdkT34e/Jy9VCyzd5XfJ9TO8fHhJWE=",
        "owner": "nix-community",
        "repo": "nix-github-actions",
        "rev": "f4158fa080ef4503c8f4c820967d946c2af31ec9",
        "type": "github"
      },
      "original": {
        "owner": "nix-community",
        "repo": "nix-github-actions",
        "type": "github"
      }
    },
    "nixpkgs": {
      "locked": {
        "lastModified": 1768428840,
        "narHash": "sha256-+Hfi5NQs2d49dguA+iz+Z7w4NLAa5SHW+c4c6jPLxDs=",
        "owner": "NixOS",
        "repo": "nixpkgs",
        "rev": "7a27412d6c4c55993f8b1e8fd255c638d79643bc",
        "type": "github"
      },
      "original": {
        "owner": "NixOS",
        "repo": "nixpkgs",
        "type": "github"
      }
    },
    "root": {
      "inputs": {
        "frc-nix": "frc-nix",
        "nixpkgs": "nixpkgs"
      }
    }
  },
  "root": "root",
  "version": 7
}
